// !$*UTF8*$!
{
	archiveVersion = 1;
	classes = {
	};
	objectVersion = 46;
	objects = {

/* Begin PBXBuildFile section */
		4278A66419A09D61005AD7F3 /* AppDelegate.swift in Sources */ = {isa = PBXBuildFile; fileRef = 4278A66319A09D61005AD7F3 /* AppDelegate.swift */; };
		4278A66619A09D61005AD7F3 /* ViewController.swift in Sources */ = {isa = PBXBuildFile; fileRef = 4278A66519A09D61005AD7F3 /* ViewController.swift */; };
		4278A66919A09D61005AD7F3 /* Main.storyboard in Resources */ = {isa = PBXBuildFile; fileRef = 4278A66719A09D61005AD7F3 /* Main.storyboard */; };
		4278A66B19A09D61005AD7F3 /* Images.xcassets in Resources */ = {isa = PBXBuildFile; fileRef = 4278A66A19A09D61005AD7F3 /* Images.xcassets */; };
		4278A67719A09D62005AD7F3 /* HBHamburgerButtonTests.swift in Sources */ = {isa = PBXBuildFile; fileRef = 4278A67619A09D62005AD7F3 /* HBHamburgerButtonTests.swift */; };
		4278A68119A09D94005AD7F3 /* HBHanburgerButton.swift in Sources */ = {isa = PBXBuildFile; fileRef = 4278A68019A09D94005AD7F3 /* HBHanburgerButton.swift */; };
/* End PBXBuildFile section */

/* Begin PBXContainerItemProxy section */
		4278A67119A09D62005AD7F3 /* PBXContainerItemProxy */ = {
			isa = PBXContainerItemProxy;
			containerPortal = 4278A65619A09D61005AD7F3 /* Project object */;
			proxyType = 1;
			remoteGlobalIDString = 4278A65D19A09D61005AD7F3;
			remoteInfo = HBHamburgerButton;
		};
/* End PBXContainerItemProxy section */

/* Begin PBXFileReference section */
		4278A65E19A09D61005AD7F3 /* HBHamburgerButton.app */ = {isa = PBXFileReference; explicitFileType = wrapper.application; includeInIndex = 0; path = HBHamburgerButton.app; sourceTree = BUILT_PRODUCTS_DIR; };
		4278A66219A09D61005AD7F3 /* Info.plist */ = {isa = PBXFileReference; lastKnownFileType = text.plist.xml; path = Info.plist; sourceTree = "<group>"; };
		4278A66319A09D61005AD7F3 /* AppDelegate.swift */ = {isa = PBXFileReference; lastKnownFileType = sourcecode.swift; path = AppDelegate.swift; sourceTree = "<group>"; };
		4278A66519A09D61005AD7F3 /* ViewController.swift */ = {isa = PBXFileReference; lastKnownFileType = sourcecode.swift; path = ViewController.swift; sourceTree = "<group>"; };
		4278A66819A09D61005AD7F3 /* Base */ = {isa = PBXFileReference; lastKnownFileType = file.storyboard; name = Base; path = Base.lproj/Main.storyboard; sourceTree = "<group>"; };
		4278A66A19A09D61005AD7F3 /* Images.xcassets */ = {isa = PBXFileReference; lastKnownFileType = folder.assetcatalog; path = Images.xcassets; sourceTree = "<group>"; };
		4278A67019A09D62005AD7F3 /* HBHamburgerButtonTests.xctest */ = {isa = PBXFileReference; explicitFileType = wrapper.cfbundle; includeInIndex = 0; path = HBHamburgerButtonTests.xctest; sourceTree = BUILT_PRODUCTS_DIR; };
		4278A67519A09D62005AD7F3 /* Info.plist */ = {isa = PBXFileReference; lastKnownFileType = text.plist.xml; path = Info.plist; sourceTree = "<group>"; };
		4278A67619A09D62005AD7F3 /* HBHamburgerButtonTests.swift */ = {isa = PBXFileReference; lastKnownFileType = sourcecode.swift; path = HBHamburgerButtonTests.swift; sourceTree = "<group>"; };
		4278A68019A09D94005AD7F3 /* HBHanburgerButton.swift */ = {isa = PBXFileReference; fileEncoding = 4; lastKnownFileType = sourcecode.swift; path = HBHanburgerButton.swift; sourceTree = "<group>"; };
/* End PBXFileReference section */

/* Begin PBXFrameworksBuildPhase section */
		4278A65B19A09D61005AD7F3 /* Frameworks */ = {
			isa = PBXFrameworksBuildPhase;
			buildActionMask = 2147483647;
			files = (
			);
			runOnlyForDeploymentPostprocessing = 0;
		};
		4278A66D19A09D61005AD7F3 /* Frameworks */ = {
			isa = PBXFrameworksBuildPhase;
			buildActionMask = 2147483647;
			files = (
			);
			runOnlyForDeploymentPostprocessing = 0;
		};
/* End PBXFrameworksBuildPhase section */

/* Begin PBXGroup section */
		4278A65519A09D61005AD7F3 = {
			isa = PBXGroup;
			children = (
				4278A66019A09D61005AD7F3 /* HBHamburgerButton */,
				4278A67319A09D62005AD7F3 /* HBHamburgerButtonTests */,
				4278A65F19A09D61005AD7F3 /* Products */,
			);
			sourceTree = "<group>";
		};
		4278A65F19A09D61005AD7F3 /* Products */ = {
			isa = PBXGroup;
			children = (
				4278A65E19A09D61005AD7F3 /* HBHamburgerButton.app */,
				4278A67019A09D62005AD7F3 /* HBHamburgerButtonTests.xctest */,
			);
			name = Products;
			sourceTree = "<group>";
		};
		4278A66019A09D61005AD7F3 /* HBHamburgerButton */ = {
			isa = PBXGroup;
			children = (
				4278A66319A09D61005AD7F3 /* AppDelegate.swift */,
				4278A66519A09D61005AD7F3 /* ViewController.swift */,
				4278A66719A09D61005AD7F3 /* Main.storyboard */,
				4278A66A19A09D61005AD7F3 /* Images.xcassets */,
				4278A66119A09D61005AD7F3 /* Supporting Files */,
				4278A68019A09D94005AD7F3 /* HBHanburgerButton.swift */,
			);
			path = HBHamburgerButton;
			sourceTree = "<group>";
		};
		4278A66119A09D61005AD7F3 /* Supporting Files */ = {
			isa = PBXGroup;
			children = (
				4278A66219A09D61005AD7F3 /* Info.plist */,
			);
			name = "Supporting Files";
			sourceTree = "<group>";
		};
		4278A67319A09D62005AD7F3 /* HBHamburgerButtonTests */ = {
			isa = PBXGroup;
			children = (
				4278A67619A09D62005AD7F3 /* HBHamburgerButtonTests.swift */,
				4278A67419A09D62005AD7F3 /* Supporting Files */,
			);
			path = HBHamburgerButtonTests;
			sourceTree = "<group>";
		};
		4278A67419A09D62005AD7F3 /* Supporting Files */ = {
			isa = PBXGroup;
			children = (
				4278A67519A09D62005AD7F3 /* Info.plist */,
			);
			name = "Supporting Files";
			sourceTree = "<group>";
		};
/* End PBXGroup section */

/* Begin PBXNativeTarget section */
		4278A65D19A09D61005AD7F3 /* HBHamburgerButton */ = {
			isa = PBXNativeTarget;
			buildConfigurationList = 4278A67A19A09D62005AD7F3 /* Build configuration list for PBXNativeTarget "HBHamburgerButton" */;
			buildPhases = (
				4278A65A19A09D61005AD7F3 /* Sources */,
				4278A65B19A09D61005AD7F3 /* Frameworks */,
				4278A65C19A09D61005AD7F3 /* Resources */,
			);
			buildRules = (
			);
			dependencies = (
			);
			name = HBHamburgerButton;
			productName = HBHamburgerButton;
			productReference = 4278A65E19A09D61005AD7F3 /* HBHamburgerButton.app */;
			productType = "com.apple.product-type.application";
		};
		4278A66F19A09D61005AD7F3 /* HBHamburgerButtonTests */ = {
			isa = PBXNativeTarget;
			buildConfigurationList = 4278A67D19A09D62005AD7F3 /* Build configuration list for PBXNativeTarget "HBHamburgerButtonTests" */;
			buildPhases = (
				4278A66C19A09D61005AD7F3 /* Sources */,
				4278A66D19A09D61005AD7F3 /* Frameworks */,
				4278A66E19A09D61005AD7F3 /* Resources */,
			);
			buildRules = (
			);
			dependencies = (
				4278A67219A09D62005AD7F3 /* PBXTargetDependency */,
			);
			name = HBHamburgerButtonTests;
			productName = HBHamburgerButtonTests;
			productReference = 4278A67019A09D62005AD7F3 /* HBHamburgerButtonTests.xctest */;
			productType = "com.apple.product-type.bundle.unit-test";
		};
/* End PBXNativeTarget section */

/* Begin PBXProject section */
		4278A65619A09D61005AD7F3 /* Project object */ = {
			isa = PBXProject;
			attributes = {
				LastUpgradeCheck = 0600;
				ORGANIZATIONNAME = Alaysh;
				TargetAttributes = {
					4278A65D19A09D61005AD7F3 = {
						CreatedOnToolsVersion = 6.0;
						LastSwiftMigration = 0820;
					};
					4278A66F19A09D61005AD7F3 = {
						CreatedOnToolsVersion = 6.0;
						LastSwiftMigration = 0820;
						TestTargetID = 4278A65D19A09D61005AD7F3;
					};
				};
			};
			buildConfigurationList = 4278A65919A09D61005AD7F3 /* Build configuration list for PBXProject "HBHamburgerButton" */;
			compatibilityVersion = "Xcode 3.2";
			developmentRegion = English;
			hasScannedForEncodings = 0;
			knownRegions = (
				en,
				Base,
			);
			mainGroup = 4278A65519A09D61005AD7F3;
			productRefGroup = 4278A65F19A09D61005AD7F3 /* Products */;
			projectDirPath = "";
			projectRoot = "";
			targets = (
				4278A65D19A09D61005AD7F3 /* HBHamburgerButton */,
				4278A66F19A09D61005AD7F3 /* HBHamburgerButtonTests */,
			);
		};
/* End PBXProject section */

/* Begin PBXResourcesBuildPhase section */
		4278A65C19A09D61005AD7F3 /* Resources */ = {
			isa = PBXResourcesBuildPhase;
			buildActionMask = 2147483647;
			files = (
				4278A66919A09D61005AD7F3 /* Main.storyboard in Resources */,
				4278A66B19A09D61005AD7F3 /* Images.xcassets in Resources */,
			);
			runOnlyForDeploymentPostprocessing = 0;
		};
		4278A66E19A09D61005AD7F3 /* Resources */ = {
			isa = PBXResourcesBuildPhase;
			buildActionMask = 2147483647;
			files = (
			);
			runOnlyForDeploymentPostprocessing = 0;
		};
/* End PBXResourcesBuildPhase section */

/* Begin PBXSourcesBuildPhase section */
		4278A65A19A09D61005AD7F3 /* Sources */ = {
			isa = PBXSourcesBuildPhase;
			buildActionMask = 2147483647;
			files = (
				4278A68119A09D94005AD7F3 /* HBHanburgerButton.swift in Sources */,
				4278A66619A09D61005AD7F3 /* ViewController.swift in Sources */,
				4278A66419A09D61005AD7F3 /* AppDelegate.swift in Sources */,
			);
			runOnlyForDeploymentPostprocessing = 0;
		};
		4278A66C19A09D61005AD7F3 /* Sources */ = {
			isa = PBXSourcesBuildPhase;
			buildActionMask = 2147483647;
			files = (
				4278A67719A09D62005AD7F3 /* HBHamburgerButtonTests.swift in Sources */,
			);
			runOnlyForDeploymentPostprocessing = 0;
		};
/* End PBXSourcesBuildPhase section */

/* Begin PBXTargetDependency section */
		4278A67219A09D62005AD7F3 /* PBXTargetDependency */ = {
			isa = PBXTargetDependency;
			target = 4278A65D19A09D61005AD7F3 /* HBHamburgerButton */;
			targetProxy = 4278A67119A09D62005AD7F3 /* PBXContainerItemProxy */;
		};
/* End PBXTargetDependency section */

/* Begin PBXVariantGroup section */
		4278A66719A09D61005AD7F3 /* Main.storyboard */ = {
			isa = PBXVariantGroup;
			children = (
				4278A66819A09D61005AD7F3 /* Base */,
			);
			name = Main.storyboard;
			sourceTree = "<group>";
		};
/* End PBXVariantGroup section */

/* Begin XCBuildConfiguration section */
		4278A67819A09D62005AD7F3 /* Debug */ = {
			isa = XCBuildConfiguration;
			buildSettings = {
				ALWAYS_SEARCH_USER_PATHS = NO;
				CLANG_CXX_LANGUAGE_STANDARD = "gnu++0x";
				CLANG_CXX_LIBRARY = "libc++";
				CLANG_ENABLE_MODULES = YES;
				CLANG_ENABLE_OBJC_ARC = YES;
				CLANG_WARN_BOOL_CONVERSION = YES;
				CLANG_WARN_CONSTANT_CONVERSION = YES;
				CLANG_WARN_DIRECT_OBJC_ISA_USAGE = YES_ERROR;
				CLANG_WARN_EMPTY_BODY = YES;
				CLANG_WARN_ENUM_CONVERSION = YES;
				CLANG_WARN_INT_CONVERSION = YES;
				CLANG_WARN_OBJC_ROOT_CLASS = YES_ERROR;
				CLANG_WARN_UNREACHABLE_CODE = YES;
				CLANG_WARN__DUPLICATE_METHOD_MATCH = YES;
				"CODE_SIGN_IDENTITY[sdk=iphoneos*]" = "iPhone Developer";
				COPY_PHASE_STRIP = NO;
				ENABLE_STRICT_OBJC_MSGSEND = YES;
				GCC_C_LANGUAGE_STANDARD = gnu99;
				GCC_DYNAMIC_NO_PIC = NO;
				GCC_OPTIMIZATION_LEVEL = 0;
				GCC_PREPROCESSOR_DEFINITIONS = (
					"DEBUG=1",
					"$(inherited)",
				);
				GCC_SYMBOLS_PRIVATE_EXTERN = NO;
				GCC_WARN_64_TO_32_BIT_CONVERSION = YES;
				GCC_WARN_ABOUT_RETURN_TYPE = YES_ERROR;
				GCC_WARN_UNDECLARED_SELECTOR = YES;
				GCC_WARN_UNINITIALIZED_AUTOS = YES_AGGRESSIVE;
				GCC_WARN_UNUSED_FUNCTION = YES;
				GCC_WARN_UNUSED_VARIABLE = YES;
				IPHONEOS_DEPLOYMENT_TARGET = 8.0;
				MTL_ENABLE_DEBUG_INFO = YES;
				ONLY_ACTIVE_ARCH = YES;
				SDKROOT = iphoneos;
				SWIFT_OPTIMIZATION_LEVEL = "-Onone";
				TARGETED_DEVICE_FAMILY = "1,2";
			};
			name = Debug;
		};
		4278A67919A09D62005AD7F3 /* Release */ = {
			isa = XCBuildConfiguration;
			buildSettings = {
				ALWAYS_SEARCH_USER_PATHS = NO;
				CLANG_CXX_LANGUAGE_STANDARD = "gnu++0x";
				CLANG_CXX_LIBRARY = "libc++";
				CLANG_ENABLE_MODULES = YES;
				CLANG_ENABLE_OBJC_ARC = YES;
				CLANG_WARN_BOOL_CONVERSION = YES;
				CLANG_WARN_CONSTANT_CONVERSION = YES;
				CLANG_WARN_DIRECT_OBJC_ISA_USAGE = YES_ERROR;
				CLANG_WARN_EMPTY_BODY = YES;
				CLANG_WARN_ENUM_CONVERSION = YES;
				CLANG_WARN_INT_CONVERSION = YES;
				CLANG_WARN_OBJC_ROOT_CLASS = YES_ERROR;
				CLANG_WARN_UNREACHABLE_CODE = YES;
				CLANG_WARN__DUPLICATE_METHOD_MATCH = YES;
				"CODE_SIGN_IDENTITY[sdk=iphoneos*]" = "iPhone Developer";
				COPY_PHASE_STRIP = YES;
				ENABLE_NS_ASSERTIONS = NO;
				ENABLE_STRICT_OBJC_MSGSEND = YES;
				GCC_C_LANGUAGE_STANDARD = gnu99;
				GCC_WARN_64_TO_32_BIT_CONVERSION = YES;
				GCC_WARN_ABOUT_RETURN_TYPE = YES_ERROR;
				GCC_WARN_UNDECLARED_SELECTOR = YES;
				GCC_WARN_UNINITIALIZED_AUTOS = YES_AGGRESSIVE;
				GCC_WARN_UNUSED_FUNCTION = YES;
				GCC_WARN_UNUSED_VARIABLE = YES;
				IPHONEOS_DEPLOYMENT_TARGET = 8.0;
				MTL_ENABLE_DEBUG_INFO = NO;
				SDKROOT = iphoneos;
				TARGETED_DEVICE_FAMILY = "1,2";
				VALIDATE_PRODUCT = YES;
			};
			name = Release;
		};
		4278A67B19A09D62005AD7F3 /* Debug */ = {
			isa = XCBuildConfiguration;
			buildSettings = {
				ASSETCATALOG_COMPILER_APPICON_NAME = AppIcon;
				ASSETCATALOG_COMPILER_LAUNCHIMAGE_NAME = LaunchImage;
				INFOPLIST_FILE = HBHamburgerButton/Info.plist;
				LD_RUNPATH_SEARCH_PATHS = "$(inherited) @executable_path/Frameworks";
				PRODUCT_NAME = "$(TARGET_NAME)";
				SWIFT_VERSION = 3.0;
			};
			name = Debug;
		};
		4278A67C19A09D62005AD7F3 /* Release */ = {
			isa = XCBuildConfiguration;
			buildSettings = {
				ASSETCATALOG_COMPILER_APPICON_NAME = AppIcon;
				ASSETCATALOG_COMPILER_LAUNCHIMAGE_NAME = LaunchImage;
				INFOPLIST_FILE = HBHamburgerButton/Info.plist;
				LD_RUNPATH_SEARCH_PATHS = "$(inherited) @executable_path/Frameworks";
				PRODUCT_NAME = "$(TARGET_NAME)";
				SWIFT_VERSION = 3.0;
			};
			name = Release;
		};
		4278A67E19A09D62005AD7F3 /* Debug */ = {
			isa = XCBuildConfiguration;
			buildSettings = {
				BUNDLE_LOADER = "$(TEST_HOST)";
				FRAMEWORK_SEARCH_PATHS = (
					"$(SDKROOT)/Developer/Library/Frameworks",
					"$(inherited)",
				);
				GCC_PREPROCESSOR_DEFINITIONS = (
					"DEBUG=1",
					"$(inherited)",
				);
				INFOPLIST_FILE = HBHamburgerButtonTests/Info.plist;
				LD_RUNPATH_SEARCH_PATHS = "$(inherited) @executable_path/Frameworks @loader_path/Frameworks";
				PRODUCT_NAME = "$(TARGET_NAME)";
				SWIFT_VERSION = 3.0;
				TEST_HOST = "$(BUILT_PRODUCTS_DIR)/HBHamburgerButton.app/HBHamburgerButton";
			};
			name = Debug;
		};
		4278A67F19A09D62005AD7F3 /* Release */ = {
			isa = XCBuildConfiguration;
			buildSettings = {
				BUNDLE_LOADER = "$(TEST_HOST)";
				FRAMEWORK_SEARCH_PATHS = (
					"$(SDKROOT)/Developer/Library/Frameworks",
					"$(inherited)",
				);
				INFOPLIST_FILE = HBHamburgerButtonTests/Info.plist;
				LD_RUNPATH_SEARCH_PATHS = "$(inherited) @executable_path/Frameworks @loader_path/Frameworks";
				PRODUCT_NAME = "$(TARGET_NAME)";
				SWIFT_VERSION = 3.0;
				TEST_HOST = "$(BUILT_PRODUCTS_DIR)/HBHamburgerButton.app/HBHamburgerButton";
			};
			name = Release;
		};
/* End XCBuildConfiguration section */

/* Begin XCConfigurationList section */
		4278A65919A09D61005AD7F3 /* Build configuration list for PBXProject "HBHamburgerButton" */ = {
			isa = XCConfigurationList;
			buildConfigurations = (
				4278A67819A09D62005AD7F3 /* Debug */,
				4278A67919A09D62005AD7F3 /* Release */,
			);
			defaultConfigurationIsVisible = 0;
			defaultConfigurationName = Release;
		};
		4278A67A19A09D62005AD7F3 /* Build configuration list for PBXNativeTarget "HBHamburgerButton" */ = {
			isa = XCConfigurationList;
			buildConfigurations = (
				4278A67B19A09D62005AD7F3 /* Debug */,
				4278A67C19A09D62005AD7F3 /* Release */,
			);
			defaultConfigurationIsVisible = 0;
			defaultConfigurationName = Release;
		};
		4278A67D19A09D62005AD7F3 /* Build configuration list for PBXNativeTarget "HBHamburgerButtonTests" */ = {
			isa = XCConfigurationList;
			buildConfigurations = (
				4278A67E19A09D62005AD7F3 /* Debug */,
				4278A67F19A09D62005AD7F3 /* Release */,
			);
			defaultConfigurationIsVisible = 0;
			defaultConfigurationName = Release;
		};
/* End XCConfigurationList section */
	};
	rootObject = 4278A65619A09D61005AD7F3 /* Project object */;
}
